DEPENDENCIES
  aws-elb-registration
    git: git://github.com/AlexSc/aws-elb-registration-cookbook.git
    revision: bd7ad2b780946be3d857bb60273e7b553a7bbc92
  opsworks_clockwork
    git: git://github.com/GoCarrot/opsworks_clockwork_cookbook.git
    revision: 57793a532f38a56dfaefea45599f61d031a5c859

GRAPH
  aws-elb-registration (0.2.1)
    awscli (>= 0.0.0)
  awscli (1.1.2)
    python (~> 1.4)
  build-essential (8.0.0)
    mingw (>= 1.1)
    seven_zip (>= 0.0.0)
  compat_resource (12.16.3)
  mingw (2.0.0)
    seven_zip (>= 0.0.0)
  ohai (5.0.3)
  opsworks_clockwork (1.0.0)
  python (1.4.6)
    build-essential (>= 0.0.0)
    yum-epel (>= 0.0.0)
  seven_zip (2.0.2)
    windows (>= 1.2.2)
  windows (3.0.5)
    ohai (>= 4.0.0)
  yum-epel (2.1.1)
    compat_resource (>= 12.16.3)
